
Microsoft Visual Studio Solution File, Format Version 12.00
# Visual Studio Version 16
VisualStudioVersion = 16.0.31911.196
MinimumVisualStudioVersion = 10.0.40219.1
Project("{FAE04EC0-301F-11D3-BF4B-00C04F79EFBC}") = "WebAppTest.website", "WebAppTest.website.csproj", "{2481C6B1-1515-44EA-930D-3461F31A4AC0}"
EndProject
Global
	GlobalSection(SolutionConfigurationPlatforms) = preSolution
		Debug|Any CPU = Debug|Any CPU
		Release|Any CPU = Release|Any CPU
	EndGlobalSection
	GlobalSection(ProjectConfigurationPlatforms) = postSolution
		{2481C6B1-1515-44EA-930D-3461F31A4AC0}.Debug|Any CPU.ActiveCfg = Debug|Any CPU
		{2481C6B1-1515-44EA-930D-3461F31A4AC0}.Debug|Any CPU.Build.0 = Debug|Any CPU
		{2481C6B1-1515-44EA-930D-3461F31A4AC0}.Release|Any CPU.ActiveCfg = Release|Any CPU
		{2481C6B1-1515-44EA-930D-3461F31A4AC0}.Release|Any CPU.Build.0 = Release|Any CPU
	EndGlobalSection
	GlobalSection(SolutionProperties) = preSolution
		HideSolutionNode = FALSE
	EndGlobalSection
	GlobalSection(ExtensibilityGlobals) = postSolution
		SolutionGuid = {C4B3B607-C18B-492E-AB6B-CF324FD0CFC6}
	EndGlobalSection
EndGlobal
